
Microsoft Visual Studio Solution File, Format Version 12.00
# Visual Studio 2013
VisualStudioVersion = 12.0.31101.0
MinimumVisualStudioVersion = 10.0.40219.1
Project("{FAE04EC0-301F-11D3-BF4B-00C04F79EFBC}") = "Three Amigos", "Three Amigos\Three Amigos.csproj", "{DA2A6EEB-BC59-43E6-8B0D-345E62FBBB75}"
EndProject
Project("{FAE04EC0-301F-11D3-BF4B-00C04F79EFBC}") = "Three Amigos.Tests", "Three Amigos.Tests\Three Amigos.Tests.csproj", "{C4D0D12C-92C3-498E-94D0-A34F69544F1B}"
EndProject
Global
	GlobalSection(SolutionConfigurationPlatforms) = preSolution
		Debug|Any CPU = Debug|Any CPU
		Release|Any CPU = Release|Any CPU
	EndGlobalSection
	GlobalSection(ProjectConfigurationPlatforms) = postSolution
		{DA2A6EEB-BC59-43E6-8B0D-345E62FBBB75}.Debug|Any CPU.ActiveCfg = Debug|Any CPU
		{DA2A6EEB-BC59-43E6-8B0D-345E62FBBB75}.Debug|Any CPU.Build.0 = Debug|Any CPU
		{DA2A6EEB-BC59-43E6-8B0D-345E62FBBB75}.Release|Any CPU.ActiveCfg = Release|Any CPU
		{DA2A6EEB-BC59-43E6-8B0D-345E62FBBB75}.Release|Any CPU.Build.0 = Release|Any CPU
		{C4D0D12C-92C3-498E-94D0-A34F69544F1B}.Debug|Any CPU.ActiveCfg = Debug|Any CPU
		{C4D0D12C-92C3-498E-94D0-A34F69544F1B}.Debug|Any CPU.Build.0 = Debug|Any CPU
		{C4D0D12C-92C3-498E-94D0-A34F69544F1B}.Release|Any CPU.ActiveCfg = Release|Any CPU
		{C4D0D12C-92C3-498E-94D0-A34F69544F1B}.Release|Any CPU.Build.0 = Release|Any CPU
	EndGlobalSection
	GlobalSection(SolutionProperties) = preSolution
		HideSolutionNode = FALSE
	EndGlobalSection
EndGlobal
